{
  "version": "2",
  "remote": {
    "https://deno.land/std@0.203.0/dotenv/mod.ts": "1da8c6d0e7f7d8a5c2b19400b763bc11739df24acec235dda7ea2cfd3d300057",
    "https://deno.land/x/another_cookiejar@v5.0.3/cookie.ts": "2be7548d01a3a9df97deb187761a843a77fd824057478919abf1e1e89ae1eb2e",
    "https://deno.land/x/another_cookiejar@v5.0.3/cookie_jar.ts": "e47d7b2c608bcd9600fd26825b600946f16ae167216cea71935049188d2fc6d1",
    "https://deno.land/x/another_cookiejar@v5.0.3/fetch_wrapper.ts": "9d82648195533c58490d462cc4566edc16b9ce06e695a8043160785df5e0d6a0",
    "https://deno.land/x/another_cookiejar@v5.0.3/mod.ts": "eff949014965771f2cd447fe78625a1ad28b59333afa40640f02c0922534d89a",
    "https://deno.land/x/deno_dom@v0.1.40/build/deno-wasm/deno-wasm.js": "98b1ad24a1c13284557917659402202e5c5258ab1431b3f3a82434ad36ffa05a",
    "https://deno.land/x/deno_dom@v0.1.40/deno-dom-wasm.ts": "bfd999a493a6974e9fca4d331bee03bfb68cfc600c662cd0b48b21d67a2a8ba0",
    "https://deno.land/x/deno_dom@v0.1.40/src/api.ts": "0ff5790f0a3eeecb4e00b7d8fbfa319b165962cf6d0182a65ba90f158d74f7d7",
    "https://deno.land/x/deno_dom@v0.1.40/src/constructor-lock.ts": "59714df7e0571ec7bd338903b1f396202771a6d4d7f55a452936bd0de9deb186",
    "https://deno.land/x/deno_dom@v0.1.40/src/deserialize.ts": "f4d34514ca00473ca428b69ad437ba345925744b5d791cb9552e2d7a0e7b0439",
    "https://deno.land/x/deno_dom@v0.1.40/src/dom/document-fragment.ts": "1c7352a3c816587ed7fad574b42636198f680f17abc3836fcfe7799b31e7718f",
    "https://deno.land/x/deno_dom@v0.1.40/src/dom/document.ts": "b8f4e4ccabaaa063d6562a0f2f8dea9c0419515d63d8bd79bfde95f7cd64bd93",
    "https://deno.land/x/deno_dom@v0.1.40/src/dom/dom-parser.ts": "609097b426f8c2358f3e5d2bca55ed026cf26cdf86562e94130dfdb0f2537f92",
    "https://deno.land/x/deno_dom@v0.1.40/src/dom/element.ts": "019019a707a1cc795fc25c027b01d7d981d81eb2010fb6d5639a637ae8d5e469",
    "https://deno.land/x/deno_dom@v0.1.40/src/dom/elements/html-template-element.ts": "127bb291bb08afeb7e9a66294a5aa6ff2780f4eb4601fa6f7869fe8b70a81472",
    "https://deno.land/x/deno_dom@v0.1.40/src/dom/html-collection.ts": "ae90197f5270c32074926ad6cf30ee07d274d44596c7e413c354880cebce8565",
    "https://deno.land/x/deno_dom@v0.1.40/src/dom/node-list.ts": "4c6e4b4585301d4147addaccd90cb5f5a80e8d6290a1ba7058c5e3dfea16e15d",
    "https://deno.land/x/deno_dom@v0.1.40/src/dom/node.ts": "3069e6fc93ac4111a136ed68199d76673339842b9751610ba06f111ba7dc10a7",
    "https://deno.land/x/deno_dom@v0.1.40/src/dom/selectors/custom-api.ts": "852696bd58e534bc41bd3be9e2250b60b67cd95fd28ed16b1deff1d548531a71",
    "https://deno.land/x/deno_dom@v0.1.40/src/dom/selectors/nwsapi-types.ts": "c43b36c36acc5d32caabaa54fda8c9d239b2b0fcbce9a28efb93c84aa1021698",
    "https://deno.land/x/deno_dom@v0.1.40/src/dom/selectors/nwsapi.js": "985d7d8fc1eabbb88946b47a1c44c1b2d4aa79ff23c21424219f1528fa27a2ff",
    "https://deno.land/x/deno_dom@v0.1.40/src/dom/selectors/selectors.ts": "83eab57be2290fb48e3130533448c93c6c61239f2a2f3b85f1917f80ca0fdc75",
    "https://deno.land/x/deno_dom@v0.1.40/src/dom/selectors/sizzle-types.ts": "78149e2502409989ce861ed636b813b059e16bc267bb543e7c2b26ef43e4798b",
    "https://deno.land/x/deno_dom@v0.1.40/src/dom/selectors/sizzle.js": "c3aed60c1045a106d8e546ac2f85cc82e65f62d9af2f8f515210b9212286682a",
    "https://deno.land/x/deno_dom@v0.1.40/src/dom/utils-types.ts": "96db30e3e4a75b194201bb9fa30988215da7f91b380fca6a5143e51ece2a8436",
    "https://deno.land/x/deno_dom@v0.1.40/src/dom/utils.ts": "55f3e9dc71d6c4a54605888d3f99d26fb0cf9973924709f159252a6933ceeabe",
    "https://deno.land/x/deno_dom@v0.1.40/src/parser.ts": "b65eb7e673fa7ca611de871de109655f0aa9fa35ddc1de73df1a5fc2baafc332",
    "https://deno.land/x/dotenv@v3.2.2/mod.ts": "077b48773de9205266a0b44c3c3a3c3083449ed64bb0b6cc461b95720678d38e",
    "https://deno.land/x/dotenv@v3.2.2/util.ts": "693730877b13f8ead2b79b2aa31e2a0652862f7dc0c5f6d2f313f4d39c7b7670",
    "https://esm.sh/cheerio@0.22.0": "c1c296e181f722812916b38469491e1e892b27734314312cb25af8274ddafaec",
    "https://esm.sh/v132/boolbase@1.0.0/denonext/boolbase.mjs": "4e3bd67e9b1c5c55094eae98345d0107c6a44ef57bd3d4b9579698fa44722280",
    "https://esm.sh/v132/cheerio@0.22.0/denonext/cheerio.mjs": "d2e04f0eb39562a8f3d208d19baf967092ee015cc589b6521e363cda2fe7f3f2",
    "https://esm.sh/v132/css-select@1.2.0/denonext/css-select.mjs": "6fb506b89065552815f7e04b880e984c43d303fb74b881635b573698a44bd986",
    "https://esm.sh/v132/css-what@2.1.3/denonext/css-what.mjs": "eb76146bf34df18d60ac5381f8ba832ec4cf6c0588def4ed7721cdadf586fe6d",
    "https://esm.sh/v132/dom-serializer@0.1.1/denonext/dom-serializer.mjs": "665ff6d1a11856cead46420bd83e8239e6d13a2c2f906e17495d9c1766978a95",
    "https://esm.sh/v132/dom-serializer@0.2.2/denonext/dom-serializer.mjs": "6b1a76d5362bb5fa4006fb7e168a641011f0899e3027fd69ee30dc8ed55f49f9",
    "https://esm.sh/v132/domelementtype@1.3.1/denonext/domelementtype.mjs": "ed1cfafa3facb36a845053ab521e9665824ad6bd941b5c8b278d62cd9570cd60",
    "https://esm.sh/v132/domelementtype@2.3.0/denonext/domelementtype.mjs": "371936c356d5ac797f2ce3a66b98dfc73e6fff0e095b2858b85668e6ad7d10e0",
    "https://esm.sh/v132/domhandler@2.4.2/denonext/domhandler.mjs": "21db0fc0033bc31a11d51b3c481b3f92afaca8d861eaf203c0ed1188f9ec6889",
    "https://esm.sh/v132/domutils@1.5.1/denonext/domutils.mjs": "900c449c70db53c6c6cc40752e5c91d89e740bcaafcb4bbde7d4f0a88bc65ec3",
    "https://esm.sh/v132/domutils@1.7.0/denonext/domutils.mjs": "8a1b11637096cdfe00b789a7de2dfd415e7e94bedd08104fe3ca636a5cd7b277",
    "https://esm.sh/v132/entities@1.1.2/denonext/entities.mjs": "3588a0bbec8415ed2761b2c3691d68098fa47e459512714cf2573eb0342e931f",
    "https://esm.sh/v132/entities@1.1.2/denonext/lib/decode_codepoint.js": "75c3a26050cf743e44f90150bc0f55a6a42c40da608819ed0841c6da84362b8c",
    "https://esm.sh/v132/entities@2.2.0/denonext/entities.mjs": "af15975e7c8b5f17be658d1db80f9de7c076cb9cd53c4dcfc9dd60d460266d62",
    "https://esm.sh/v132/htmlparser2@3.10.1/denonext/htmlparser2.mjs": "1aac12e49f897765af98af537c46f0ac46256cd6708406ecf7a4f2b51e211a26",
    "https://esm.sh/v132/inherits@2.0.4/denonext/inherits.mjs": "8095f3d6aea060c904fb24ae50f2882779c0acbe5d56814514c8b5153f3b4b3b",
    "https://esm.sh/v132/lodash.assignin@4.2.0/denonext/lodash.assignin.mjs": "78d10f8ef92dab1592daa371a0040ebbde2f2642f6012f4012472e1501970dc7",
    "https://esm.sh/v132/lodash.bind@4.2.1/denonext/lodash.bind.mjs": "5acbe2ac5517c4f6584e398a2ff9d97fe7e82d5eaeba838a31d5c93206cbf1d6",
    "https://esm.sh/v132/lodash.defaults@4.2.0/denonext/lodash.defaults.mjs": "5905919ec72ebaa4b1893a7169f3a080ac96fbe72e05675934d58f698810c29d",
    "https://esm.sh/v132/lodash.filter@4.6.0/denonext/lodash.filter.mjs": "6084e5d9c3978ad18108f031e04c50a9f5b17188285002443662171333572817",
    "https://esm.sh/v132/lodash.flatten@4.4.0/denonext/lodash.flatten.mjs": "8e86ab607deea15cc3c1acfb5eae278ecbc5b80f24167b4e8f4c56df3278cd55",
    "https://esm.sh/v132/lodash.foreach@4.5.0/denonext/lodash.foreach.mjs": "8a59a35add06456ae6a4b88ecac5bf7e60ae503256e6124350204fa1965e6076",
    "https://esm.sh/v132/lodash.map@4.6.0/denonext/lodash.map.mjs": "bcaf805eb5a2dc1a992b24620fb3f8a0f5f0c89236b456d28f7b8c89fafeb8be",
    "https://esm.sh/v132/lodash.merge@4.6.2/denonext/lodash.merge.mjs": "d960a7d88ca40ddf12693a1838c9a045e196d8d448a0a3246929c4fefe9ccb78",
    "https://esm.sh/v132/lodash.pick@4.4.0/denonext/lodash.pick.mjs": "dd7aa25d73cc4c50d25c7889871b8b78b8a7017c6efd10e41d08aa9dccc6b550",
    "https://esm.sh/v132/lodash.reduce@4.6.0/denonext/lodash.reduce.mjs": "8e07309b95518706a8d4f82c1d03ae0685b71fe7340fa7322f6bf6359ef1b83a",
    "https://esm.sh/v132/lodash.reject@4.6.0/denonext/lodash.reject.mjs": "6e5d62fd3f66fd4cf4f0a9be1698bf58e3c0baa90189862a6115bc56dbfc6650",
    "https://esm.sh/v132/lodash.some@4.6.0/denonext/lodash.some.mjs": "0b35a30ddf37d343c568eedc43c0c46a6041889cbd7f7b59eb250634bec8da1f",
    "https://esm.sh/v132/nth-check@1.0.2/denonext/nth-check.mjs": "f5387066787ed2f17f654f592402724aba6262df57eac8cfe7528d749b2ca278",
    "https://esm.sh/v132/readable-stream@3.6.2/denonext/readable-stream.mjs": "5a230339d68a963bb928e9cd7f240ebef988c7d25de63a4f4707060cf977a42e",
    "https://esm.sh/v132/util-deprecate@1.0.2/denonext/util-deprecate.mjs": "f69f67cf655c38428b0934e0f7c865c055834a87cc3866b629d6b2beb21005e9",
    "https://jspm.dev/jsdom": "6ee96cb51c7a4b543527c76dea5d6245d3ff349d6f7922e91686484bca9a1d52",
    "https://jspm.dev/npm:@jspm/core@2.0.1/_/0545670c.js": "468e254a0e5f7801333f217fcee046141186bd0a960018c893d73910bd754b71",
    "https://jspm.dev/npm:@jspm/core@2.0.1/_/3fe460d2.js": "991599d7a4ccc93f3dc0808aa706e713fd80a80fc8d21ec1fd28a96832030572",
    "https://jspm.dev/npm:@jspm/core@2.0.1/_/4a7b19f3.js": "0987e28a89045f13547cdfd42adfb114158c9e444544cbfa0737679e3d3863ce",
    "https://jspm.dev/npm:@jspm/core@2.0.1/_/57403c48.js": "3fa9c20fb03311a58a652563a4c935f6e7666113d2f725a6458893bfbac75e5f",
    "https://jspm.dev/npm:@jspm/core@2.0.1/_/633ae550.js": "65a4b416c1a22251ee020c55496de44a08ae247d4108898dfc0f4753df829fc5",
    "https://jspm.dev/npm:@jspm/core@2.0.1/_/8dc3f476.js": "55ff556fbd358ec01e78b1bc31d4d22baf1479046e42ea17f712b58ea96ba535",
    "https://jspm.dev/npm:@jspm/core@2.0.1/_/8ddf35de.js": "c05f3a1431f18571f87b59b7d3cda65c8983712c9b424b5574623975dcc68863",
    "https://jspm.dev/npm:@jspm/core@2.0.1/_/a17f45f2.js": "a36e172b43861a826c2258b8735525a1b13eb59c198ee808b016586d02dab38f",
    "https://jspm.dev/npm:@jspm/core@2.0.1/_/a421dfba.js": "ec016925d8e0ec5e5b56c0847212c1113edce320f5f6920d241ee00ee115d172",
    "https://jspm.dev/npm:@jspm/core@2.0.1/_/c5b352d6.js": "991006a876c2c17414e1884022c7c96a5cbe9a4fc9ec1abd717ac3d0ee7d4c55",
    "https://jspm.dev/npm:@jspm/core@2.0.1/_/cb95b980.js": "e20e42c770070c4326cb18192218b59e90a5378cdc57897f0c5f3b99ae054f07",
    "https://jspm.dev/npm:@jspm/core@2.0.1/_/e0803811.js": "1f6fe590fd0eeb59d9911633c388a4d97bea171f10ad260bc63b6702eb6d2e25",
    "https://jspm.dev/npm:@jspm/core@2.0.1/nodelibs/assert": "d10535eedc33c732428f71cd82f4a0caf0e74fec90d6bd7c3535a8ea4389a5ce",
    "https://jspm.dev/npm:@jspm/core@2.0.1/nodelibs/buffer": "f6bd0a893f7d7d48422389dc81a2923809fbd24c2d6352c7f4bdd29dcad7154b",
    "https://jspm.dev/npm:@jspm/core@2.0.1/nodelibs/child_process": "ad4ac7e2c2ea53d0b61c9ecd5029c18670960dd66cea8f838ba4208969775975",
    "https://jspm.dev/npm:@jspm/core@2.0.1/nodelibs/crypto": "3b67684d38a8b2c8561a36153f2ea800eea4415fce88895e38a2742468d304f8",
    "https://jspm.dev/npm:@jspm/core@2.0.1/nodelibs/events": "e5cc37092fddd5ac75814ca2a779eda7977ef43b0b410d90c8f9323f89d80cb4",
    "https://jspm.dev/npm:@jspm/core@2.0.1/nodelibs/fs": "721ba251d28f561ab8b04b57938cba82b702b821bdf027b0f0c00bd7f94d3cdd",
    "https://jspm.dev/npm:@jspm/core@2.0.1/nodelibs/http": "3a6a6039e8b101294759b1e7c9acea0b75e2711e32b91246c3d1a2cf2d491755",
    "https://jspm.dev/npm:@jspm/core@2.0.1/nodelibs/https": "a1e659c95c3769dc3ab32b078c028adfab890545f1e4eb73f945b6119d648bcf",
    "https://jspm.dev/npm:@jspm/core@2.0.1/nodelibs/net": "2ea2d164b528306a24ac3c6cbbeb7aaf9a095aad07bee5edf2c1f1417d993c1f",
    "https://jspm.dev/npm:@jspm/core@2.0.1/nodelibs/os": "ec82f519bad244a8b3ddbc42e6902b172efd684d72a68c2d45bd7469a4b70f6a",
    "https://jspm.dev/npm:@jspm/core@2.0.1/nodelibs/path": "3eefa6fbe73189ade0710d6dc4c725be27f0496cb5371d59c0a16b84be17e0cb",
    "https://jspm.dev/npm:@jspm/core@2.0.1/nodelibs/process": "1d9259731556e49ecd4ce8180667577a1bdc68844dc89a5a1e71d34cad4a455d",
    "https://jspm.dev/npm:@jspm/core@2.0.1/nodelibs/punycode": "de15b3b865f8196f62e2100731590c1d499cfffedef3d682861aff306b1f69dc",
    "https://jspm.dev/npm:@jspm/core@2.0.1/nodelibs/stream": "bbc5a30284349f7be148a0a9e81fbdf30d52abaf9b155554abce757bdffac50a",
    "https://jspm.dev/npm:@jspm/core@2.0.1/nodelibs/string_decoder": "697fb7f5f779b23349f8dfae415efa3ef3a235ef89afeaa3d08455c29e149c2f",
    "https://jspm.dev/npm:@jspm/core@2.0.1/nodelibs/tls": "869ff4dacad8ffab03f25f28568a616c87cbf42a88313cb4b8b6a624d156011c",
    "https://jspm.dev/npm:@jspm/core@2.0.1/nodelibs/url": "3d7ca846b3826a38b6b6596e04446f053bcadb71b818a28333e620afd119fef7",
    "https://jspm.dev/npm:@jspm/core@2.0.1/nodelibs/util": "f22fa23c828774618e6f8705ce6705f5a4e1d939efc98af445805d6d9a9e4a44",
    "https://jspm.dev/npm:@jspm/core@2.0.1/nodelibs/vm": "2456760b30fbf9f65ad9674108fbfe3528bd9a714719a14e3b95c067a770e0a1",
    "https://jspm.dev/npm:@jspm/core@2.0.1/nodelibs/zlib": "44666b54bb2e6e376a45cb458735a785321cd44e3f3b4b1c6e12b122db4d0e66",
    "https://jspm.dev/npm:@jspm/core@2/nodelibs/assert": "cf62e57177a93e448e5c0e9d9ba4c45a74181d76f7e2d8e183ee8ce19e35273d",
    "https://jspm.dev/npm:@jspm/core@2/nodelibs/buffer": "229bdbb9a5042d5977545e4ff66f49e866bf7103f4df4a7b60af203625ac60b0",
    "https://jspm.dev/npm:@jspm/core@2/nodelibs/child_process": "eca361b3d735f666bc43b6e119cc3331f402bc7b63a5221e6a45933ec69dba13",
    "https://jspm.dev/npm:@jspm/core@2/nodelibs/crypto": "a0e7177391a40782fb0388c9b6276d068fc707f49f72334a665dbffc639f74a6",
    "https://jspm.dev/npm:@jspm/core@2/nodelibs/events": "bfe1b4b57009633738066ed889019c197d2d1f4e3f867bcb69e9db9b48517c1f",
    "https://jspm.dev/npm:@jspm/core@2/nodelibs/fs": "9281dd30f0fbcfc282a5c235d54ed502166d109171380db7a609480e10e9627b",
    "https://jspm.dev/npm:@jspm/core@2/nodelibs/http": "00567cab39a03e98a0b8e8a691db2f9e8cc4158752fe16936a2ca3d1cf7d45eb",
    "https://jspm.dev/npm:@jspm/core@2/nodelibs/https": "ad57d7779dd0eedea2c8c10088467a096be0e6e4e36b944d205eabd6b35466c2",
    "https://jspm.dev/npm:@jspm/core@2/nodelibs/net": "b3765b7876f9adaecf5c9ac5c3b7343d4fc00ed72e69c83845f2152b59042a7b",
    "https://jspm.dev/npm:@jspm/core@2/nodelibs/os": "76283479c500c7a7a08db1f3153f9270a54a2ea3a9fd086c39a37df71c651a12",
    "https://jspm.dev/npm:@jspm/core@2/nodelibs/path": "5216638da3b96090d01ef829eeb4b271c3da699e8db06655ef6452315999bd76",
    "https://jspm.dev/npm:@jspm/core@2/nodelibs/process": "2b4c3a7c167d15d326b5e420b8a9f9c6ab7e1fedcfd1910b9b5a25ed5bb43579",
    "https://jspm.dev/npm:@jspm/core@2/nodelibs/punycode": "0ef16b3299b3928a3b26b7152c99a2bfa6a024189c9c62b769a81b7c931b25e0",
    "https://jspm.dev/npm:@jspm/core@2/nodelibs/stream": "6f2493f1eb38cf746a9583c8eb5b72d69dbdc9adb9cd34e7d013e6561e94d37e",
    "https://jspm.dev/npm:@jspm/core@2/nodelibs/string_decoder": "ba0424760f9acc4e672217a88a0e4dbb2bfccdf106dbc3d9104e13f20aa1a7f9",
    "https://jspm.dev/npm:@jspm/core@2/nodelibs/tls": "2e2c1e33dd08de25c0cbed7021208ebe21582de07fbf968ccd91e811f0887653",
    "https://jspm.dev/npm:@jspm/core@2/nodelibs/url": "4f9b3efc61540c0883c3a60693d3fdd83557bc1b0532ec313c0515174492d480",
    "https://jspm.dev/npm:@jspm/core@2/nodelibs/util": "3e367156f97c2b6d19b6658a074a2554010e5e15a1b59fa239c58bff2ffb266e",
    "https://jspm.dev/npm:@jspm/core@2/nodelibs/vm": "01cc38dd42802fe2bfc5eeebddf00536ae9d8fa76e8e0e1d810dd28ad1085517",
    "https://jspm.dev/npm:@jspm/core@2/nodelibs/zlib": "f3a66416a6267347b80251a088e3c694510522b0000004750b6c26a0228d5604",
    "https://jspm.dev/npm:@tootallnate/once@2!cjs": "8fac69f21db7bdac42c6c2b71a408571915e98b9616bd6ad6bf19c786013679d",
    "https://jspm.dev/npm:@tootallnate/once@2.0.0!cjs": "f58a2a3ea562babb20848e0eb2eb84fcee4d1f093ed7e264eba333b4428b094a",
    "https://jspm.dev/npm:abab@2!cjs": "204b6afff96d209f87f6b6444c8df250888d34d2ec8462ed32a32a789e224200",
    "https://jspm.dev/npm:abab@2.0.6!cjs": "b4a1bba67c80db7cd5f5acc6f8dc6e6fe21dfde7ef97b949355c00bc885abf5a",
    "https://jspm.dev/npm:abab@2.0.6/lib/atob!cjs": "751a75e396f5985000203fc6061d9a024682f9b6d195273d0cd20a2b49cf38d1",
    "https://jspm.dev/npm:abab@2.0.6/lib/btoa!cjs": "6e5ea0d1b3ef3925eb1e5a37585c9caee8c3c030b56a023f2aa499e4c99bee58",
    "https://jspm.dev/npm:agent-base@6!cjs": "569373613a15297c88ee33c05bfd5e35d6884d7b2164d6f3a7c1e1bcdb730c9e",
    "https://jspm.dev/npm:agent-base@6.0.2!cjs": "0032ddc94c1b02167943d579bfa56aa6626754c43070b1f63840f28235e50134",
    "https://jspm.dev/npm:canvas@2!cjs": "fdb20265d96448c9caac2e1d0f33ef8231b3f3ae4782520c83cd1a81f6b91489",
    "https://jspm.dev/npm:canvas@2.11.2!cjs": "4bd2cabbb26e017c8a4472070015fe7960fd62c6747a3a9fc59aad37d52f4b64",
    "https://jspm.dev/npm:canvas@2.11.2/_/e5a8d796.js": "f98cdf0c06da83ea5a378d1cb51a19185ff7edf28dc10ffabfb44baa37d59c38",
    "https://jspm.dev/npm:cssstyle@3!cjs": "fc4dcb24b3799d41174992b0abb5196e96ddbe835c83e41917411a3868dd6526",
    "https://jspm.dev/npm:cssstyle@3.0.0!cjs": "1fb042d2d8b93d53275052845ac51d4784ada93a3a1aeaa88679e0e7202c49f9",
    "https://jspm.dev/npm:cssstyle@3.0.0/lib/allProperties!cjs": "edf11cce5c0d0e2ca5124c29943493a073e9d8d942daab7c27f8d17aaa5009a0",
    "https://jspm.dev/npm:cssstyle@3.0.0/lib/parsers!cjs": "4d26f609bc096d5bf51425e3e05b4282431ea76b77c46c41491847e06aaef1f3",
    "https://jspm.dev/npm:data-urls@4!cjs": "e1c73b6a50e50a0bf0cc58e574c250d7f332b9d1bdc224b74fb5ce95665628f2",
    "https://jspm.dev/npm:data-urls@4.0.0!cjs": "9844563efca6ce618c2f3dadcfe4fc28bad954b7f2fb585e8351a8ffc72026df",
    "https://jspm.dev/npm:debug@4!cjs": "10dd5ba3edd978795d30534e1a9e6210e241e1f860e301908f0475d3491a2e7a",
    "https://jspm.dev/npm:debug@4.3.4/_/0ce6db63.js": "4622778dd4621cdc9fc13020de03d637ca0342c7aa4b04187e22bf991e9b7143",
    "https://jspm.dev/npm:decimal.js@10!cjs": "7140c457bc28d45599b2773039d369947b91be9557127c0b721447705104b14e",
    "https://jspm.dev/npm:decimal.js@10.4.2!cjs": "c5a2c2456c4c9b743014b7b7f8c3e5830c7b50e28e3fd63a5bfbce0f9a1bd04f",
    "https://jspm.dev/npm:domexception@4.0.0/webidl2js-wrapper!cjs": "f86b8a8124f24156ea44b9c6a767c3e9f6974392ca8fc5bfa2084a53f5bd4dc6",
    "https://jspm.dev/npm:domexception@4/webidl2js-wrapper!cjs": "632169bcd2d7c6a7f8dc1b7ee29bf8ed40fed94412a818a70a824c006e0c6745",
    "https://jspm.dev/npm:entities@4.5.0/lib/decode.js!cjs": "cfdce80e216524a5f8782c6caf7166fd78e6ad14ff37b8aae677eed0633b8b3e",
    "https://jspm.dev/npm:entities@4.5.0/lib/escape.js!cjs": "f5212517ad072c710ae26e45aaf9076cfb35cd7c98eb45b78cffe53dc893b670",
    "https://jspm.dev/npm:entities@4/lib/decode.js!cjs": "49974acb92dbf974606231151c72afa0d904594888fc6c2377f847670f4c941f",
    "https://jspm.dev/npm:entities@4/lib/escape.js!cjs": "36a896822ff6adf08ac18b5b4182e9d345de1968ac3baa00d7448b36d5b93f35",
    "https://jspm.dev/npm:form-data@4!cjs": "a2c8bc49910dc70cc1f8b82d8135ff6d1e3f951c8edcbdb4aa52a96c97620b0d",
    "https://jspm.dev/npm:form-data@4.0.0!cjs": "b66f9ad8ffa656f878ec1ad705f54dfce6c436f507b7e2e035ccf767c3d5ed35",
    "https://jspm.dev/npm:html-encoding-sniffer@3!cjs": "1f480e479818151b82cfe80b09b91aeeafb0b21b9080056d48a903d1ab7bc33d",
    "https://jspm.dev/npm:html-encoding-sniffer@3.0.0!cjs": "1c56c21e7e6615208977687d39db5d72db3df6a66b6aa4d9c35be3186d549623",
    "https://jspm.dev/npm:http-proxy-agent@5!cjs": "80ab6fb500e134008175b12d2f0ee700be235cd8424c4c01a3679f0e2dcebc1a",
    "https://jspm.dev/npm:http-proxy-agent@5.0.0!cjs": "ae067c5d1ffff6e00985b682384a60737c7d7aadcbe428841b527274f7a0696e",
    "https://jspm.dev/npm:https-proxy-agent@5!cjs": "a65adf750939414ea229633032131f917a6a2fe9e7cbbb8aed88f53273f45acf",
    "https://jspm.dev/npm:https-proxy-agent@5.0.1!cjs": "a076f97cd3767029a93310597ab214764d34b3fe1b30b01b5d3cea571366e11f",
    "https://jspm.dev/npm:https-proxy-agent@5.0.1/dist/agent!cjs": "925938814516fb94b0dc5b4261e3625715e97b902c9d36fb0b91d08c813b4501",
    "https://jspm.dev/npm:iconv-lite@0.6.3!cjs": "9bea8bf2754c0aa38e9c801525d18062abf5bb5275fae8da4b7272aa13366c16",
    "https://jspm.dev/npm:iconv-lite@0.6.3/encodings!cjs": "b07bdf02ef6c9e0eed9824d4d1ec9b646b7450f1b9e1fa7156bdebdd18bb37f4",
    "https://jspm.dev/npm:iconv-lite@0.6.3/encodings/dbcs-codec!cjs": "87d41ee45c9afc57e2df3264993050fe6cd63b43a8ee64b2f10d4450e5479947",
    "https://jspm.dev/npm:iconv-lite@0.6.3/encodings/dbcs-data!cjs": "bbdb94bd591a9216e3286a8fe31212c74a81497a6e6966952f8f13d22109c5f1",
    "https://jspm.dev/npm:iconv-lite@0.6.3/encodings/internal!cjs": "10e5ed2ef10008537c305dfc589bb6b818bc9d775eefccd8374952c921f72032",
    "https://jspm.dev/npm:iconv-lite@0.6.3/encodings/sbcs-codec!cjs": "ea41811db9ab67a2ff88f5f227c992c2115fcad8c7e723d73c799e9a119d92e6",
    "https://jspm.dev/npm:iconv-lite@0.6.3/encodings/sbcs-data!cjs": "2e2c423a1035c40b10c7d900f73b673ef35c810d72a83a1bb7171ad107d1a660",
    "https://jspm.dev/npm:iconv-lite@0.6.3/encodings/sbcs-data-generated!cjs": "f55cd32bc23c78fee9b8e8e7e28a14468f88b2b97efe3d69c9ed32d9713e2cbb",
    "https://jspm.dev/npm:iconv-lite@0.6.3/encodings/utf16!cjs": "c2df8f4da6638143dc0b93a4fecdb51d2613107ba9452ff4d6d23f61698ce60a",
    "https://jspm.dev/npm:iconv-lite@0.6.3/encodings/utf7!cjs": "956c9772c26fcf126f70d9149fdcc43486fa165fb9ea74f631546a732f8b16ed",
    "https://jspm.dev/npm:iconv-lite@0.6.3/lib/bom-handling!cjs": "b17127d6f2330b300482e4b34d0b0f73a1aef7e98554e7c682ae141e8e0ab804",
    "https://jspm.dev/npm:iconv-lite@0.6.3/lib/streams!cjs": "d08130b96d80e9ff8d083ab4f2ea936f4a38b02026f2753e0b7aaa95d2158329",
    "https://jspm.dev/npm:is-potential-custom-element-name@1!cjs": "345ef3f88fee8dba89716b5063c917a07cddeb692939e48275cb5c4522c7f083",
    "https://jspm.dev/npm:is-potential-custom-element-name@1.0.1!cjs": "0f79275dbd241c9f13d1162ff0b727ab40e027082477377afba43abf463745fd",
    "https://jspm.dev/npm:jsdom@22.1.0!cjs": "27661cb13a07e067b7fd62726e54739f9f6bdc6765e4d12327cab0e8f43cd4df",
    "https://jspm.dev/npm:jsdom@22.1.0/_/0a70b4f8.js": "bd8cbb47de9a211c4a93f4e9be178037da411559b2c5a9ffd0f4d30ed9c16132",
    "https://jspm.dev/npm:jsdom@22.1.0/_/0afe1a39.js": "1b9c92458547484da8eff8100480ef68f8701b1b17122c2c682d1ded5324cfe2",
    "https://jspm.dev/npm:jsdom@22.1.0/_/0bfb133a.js": "4925658941ec44cd393295d9f9bf6f4258af49c00566f7671ec8694f83a96144",
    "https://jspm.dev/npm:jsdom@22.1.0/_/1276c132.js": "a60dedd67fb4061b8d00b4c31c8a8c1be5cc1ee8d29110d4df8eb074848cea16",
    "https://jspm.dev/npm:jsdom@22.1.0/_/16571283.js": "ee4493b408992cebb1266baf9f46a267437e766e2a69fda0f10bfdef79b41389",
    "https://jspm.dev/npm:jsdom@22.1.0/_/1cb1c1d8.js": "6741813f5d0d17e782785b28afeae2fb672e917cde53b8f8dbd45925d88786af",
    "https://jspm.dev/npm:jsdom@22.1.0/_/261eb6be.js": "f319417bb1fe52b204045fca4af0b1d5d8f36b4125fd06e1d66a593d61816587",
    "https://jspm.dev/npm:jsdom@22.1.0/_/2bd92f24.js": "0614ae4385c63432a4e23c9859c4dffdebc4f950a85787c5c229f98eee3129e6",
    "https://jspm.dev/npm:jsdom@22.1.0/_/36ceda89.js": "e45aa90e6c346f280bbc2c7bf3f8e97ff4612b1cd43de611e9723f893f971fa9",
    "https://jspm.dev/npm:jsdom@22.1.0/_/37903e17.js": "ed13a47f5d79ab8567f4e96ef4bdde035e498ef9788506161d5ad726b21717dc",
    "https://jspm.dev/npm:jsdom@22.1.0/_/383155b7.js": "0bde44a84fa9519fe53d07a10a77c523ebdfff08846374cba345b0f46c5a137b",
    "https://jspm.dev/npm:jsdom@22.1.0/_/45359340.js": "598174529a852adf04b04aed15692f2b0bb7e7b0a4d6f0b6262eb59aa09f0d4a",
    "https://jspm.dev/npm:jsdom@22.1.0/_/4e46eec2.js": "f7a6b65ee0b4c8a680ccaa95ed8f0f1d286b9f6795809dfd378e0bcfb3b292e0",
    "https://jspm.dev/npm:jsdom@22.1.0/_/69a48934.js": "127e100ffb653e1eff24e41b8498de8360834d497d6ada3c3bea296c23993f58",
    "https://jspm.dev/npm:jsdom@22.1.0/_/6b0f4dd1.js": "97fbdfd4d029eced5787c05a861e60aab4294a675f6915dd81c83041e8b40272",
    "https://jspm.dev/npm:jsdom@22.1.0/_/70eeb91a.js": "9a9ffbad43e32d1a96ee884ddf19ead18aa11cf7dfb416197e62928c8cd972d1",
    "https://jspm.dev/npm:jsdom@22.1.0/_/79dd8ec1.js": "8fc2dc4bfc4c58a0c22ead71841fd0bfc0fb89117540acd8ed81a45723541d59",
    "https://jspm.dev/npm:jsdom@22.1.0/_/7d378231.js": "a30fd3a3e055f80d9d0c62f9c616817d1842d22b8b93750fe8f09e3a0ec379d9",
    "https://jspm.dev/npm:jsdom@22.1.0/_/84a946c2.js": "a87500ea6110f616ca23e85f34cf6ea70d83d1a5c04058fa3ae3642fcbac6beb",
    "https://jspm.dev/npm:jsdom@22.1.0/_/8f3c44b9.js": "a67503b22968c8b486937af877a259f32e4380e3aed9ea0cec9c934fa5fc2f02",
    "https://jspm.dev/npm:jsdom@22.1.0/_/a00f8be1.js": "e581b0e9c3e757c68e8f9c08aeecb1647dcb3f980e388ea8885369896c778215",
    "https://jspm.dev/npm:jsdom@22.1.0/_/ad923b27.js": "6e2a25d2b669bba822e5daea4d4fbe06f2cd903415028ded863444d7e721ba2d",
    "https://jspm.dev/npm:jsdom@22.1.0/_/b06a361a.js": "71a42eed3192f5bdf93e6490334b6a11157db17b194d9a1e60bd442ef853980e",
    "https://jspm.dev/npm:jsdom@22.1.0/_/bafc1b17.js": "943f61bae016e01d8984c668f85a53e761305f3bc2270461e96e437eb0352715",
    "https://jspm.dev/npm:jsdom@22.1.0/_/bb59137e.js": "f96948e39753a56ed6851a39f3febfd26d0ba9f1d8585990ed4e9c1970c8565e",
    "https://jspm.dev/npm:jsdom@22.1.0/_/c118e47e.js": "30defcea98a6dc231828fc1cadda5edbd45557191b18f24c382b4e8dfd94c229",
    "https://jspm.dev/npm:jsdom@22.1.0/_/c1c5bb6b.js": "43b4736307245715d6184ba073eda309a372bdd93ea956c6160c5a3dcc21a22e",
    "https://jspm.dev/npm:jsdom@22.1.0/_/d26a4aa6.js": "eccbf01b0238493da01a1f2242afe90604b79af6c2e74ff6061f90855718c889",
    "https://jspm.dev/npm:jsdom@22.1.0/_/d5550fe8.js": "21bbc965e9a70ab837bd37e0f1fc2f8916ff87a33590e54465d58acde00719a5",
    "https://jspm.dev/npm:jsdom@22.1.0/_/d581e9a2.js": "995777673a1b7ddb3aeec3e2ae8bdc97a6ea4aaa5b28be3c586c11eba270e1bb",
    "https://jspm.dev/npm:jsdom@22.1.0/_/f1fb1f68.js": "b23aa1691e02b3c5edcb369e41227dcc09d89a27740bfff3bb0f2ed0daa6de37",
    "https://jspm.dev/npm:jsdom@22.1.0/_/f3ab6e82.js": "afdc1d02359c2c2e412648c00408303f67145ef609532580adf090d65498f201",
    "https://jspm.dev/npm:jsdom@22.1.0/_/f80cf460.js": "dd9898375ce16d21782f47bb69dbebda26383ce5cd533a5514fd77e2224ca915",
    "https://jspm.dev/npm:jsdom@22.1.0/lib/jsdom/browser/js-globals.json!cjs": "6170af402412888cde8a368a6ecc0eebd3f89e07dcc0e3f651cbe14059f01c4c",
    "https://jspm.dev/npm:jsdom@22.1.0/package.json!cjs": "a36ce9bdd9713ea1c46c2cff7405c3e5781027c22bd8bc8e71fe4b32236a2853",
    "https://jspm.dev/npm:ms@2.1.2!cjs": "85bdadeb4f78a97ff8fb1a86c20f2b23a9b62613c67b52183b546be04e5f7836",
    "https://jspm.dev/npm:nwsapi@2!cjs": "4a58ac5d87f848dbd321c9f335c1f29cf3425b56ab06ccc7894c6adb1de6bfb1",
    "https://jspm.dev/npm:nwsapi@2.2.7!cjs": "f1ce2a536e96e55a80b2ff8e4f59490740d4aa13255ba79d73268112e0cff479",
    "https://jspm.dev/npm:parse5@7!cjs": "cafee6479c9e8f0cdfe2a22cfa8352cb041830caeb9107c3e885c5cb826c6525",
    "https://jspm.dev/npm:parse5@7.1.2!cjs": "56bdea699fc2305f76ece917beb87a3c0a3be093c1127345fdc759e5963219cf",
    "https://jspm.dev/npm:psl@1!cjs": "72e36e8975efd9e0a9cbc9fba5d109432c16d7f7628553a5380b1aa03315bc29",
    "https://jspm.dev/npm:psl@1.9.0!cjs": "0cb017e14042df28b3db16100250c72883e3b40222bfc3fa5b69e54b3bf96045",
    "https://jspm.dev/npm:punycode@2!cjs": "7484d6520420a8e8097c22424ef790582c94e27d5a13c512886f96d87cdaf0a7",
    "https://jspm.dev/npm:punycode@2.3.0": "7912691a2ae28022df687af67fae7fca9791c5ac527ef0bcc2976198f530aea0",
    "https://jspm.dev/npm:querystringify@2!cjs": "c3d1d033ac28f19b816ddf9f7b60baca054653138d02f85a5d41865aa7e3320b",
    "https://jspm.dev/npm:querystringify@2.2.0!cjs": "7f37f5982a6496a7dbd5d7dfea94be8afa9f22cd707df80b65b3117454bbf265",
    "https://jspm.dev/npm:requires-port@1!cjs": "4888d6c9e0098292bdd417feca8a7be1fea3a742505101719bbffdd832038c74",
    "https://jspm.dev/npm:requires-port@1.0.0!cjs": "6619c2b54ea53f0f5477bf182ce08572869b12ba937c281d860b3badf74bb66a",
    "https://jspm.dev/npm:rrweb-cssom@0.6!cjs": "1c988fe158489970bca309b45a77c6ad71b98adc0359050f2810c54ffcb747a8",
    "https://jspm.dev/npm:rrweb-cssom@0.6.0!cjs": "2cf4d93495b536f27957d177ddafb8cadaa0f3a6f20f4b59d23f9a76e08b66b5",
    "https://jspm.dev/npm:safer-buffer@2!cjs": "94c51de14e4b39f5d17568dfba807ae1a1f50686c7bc0a03f96ab97e24061c52",
    "https://jspm.dev/npm:safer-buffer@2.1.2!cjs": "47d9ea315ad8a7e5108e2163804d983f9390475dda59960ca52d5b0265ba63ad",
    "https://jspm.dev/npm:saxes@6!cjs": "6e2f566e24e4f1c3baf1d71b2cc985e352c6e6b5ef1adf114f237fa241bd9e6a",
    "https://jspm.dev/npm:saxes@6.0.0!cjs": "ebd5abb283d348a7c2b588c1a1596f5af12b6fd5cdc2d8bdc1c815404be89921",
    "https://jspm.dev/npm:symbol-tree@3!cjs": "924eff4c9c929e1197d8b984241f0e0e695ae1575dc8f623b9baf97760c7bb86",
    "https://jspm.dev/npm:symbol-tree@3.2.4!cjs": "4d49326d14824ed496fc592093e0c3af61d1c79a762901b2e39091f706abe565",
    "https://jspm.dev/npm:tough-cookie@4!cjs": "81243fa6ef80f7960f66acab345925c7848c1d17ef7a053cb4d1c5fc23c0703c",
    "https://jspm.dev/npm:tough-cookie@4.1.3!cjs": "f1c68a2af7afc4c5fd915fdf507ac8596ed358468bff7bf54662ab7be3d19a80",
    "https://jspm.dev/npm:tough-cookie@4.1.3/_/e3ae42ba.js": "126696528e54749dd5b384e82b3af165c6bba718da9c65c3cf82c0d0af7398c9",
    "https://jspm.dev/npm:tr46@4!cjs": "5c3437f6da677d73340982eca7c740ca9f5c529bc23754b5ceac821f8f1e5178",
    "https://jspm.dev/npm:tr46@4.1.1!cjs": "7da1df62e0786f9b96719466b7c3345ff9f0ddf5d77e5ddceb4c3a7678042006",
    "https://jspm.dev/npm:universalify@0.2!cjs": "f0dc6cab5699d2937661cc5da04824d909e8b5688aa6aafb7c80ba6dec7d1103",
    "https://jspm.dev/npm:universalify@0.2.0!cjs": "d2d070cdf42e094ce046f1d151ed47d028f2e75699821795b1d0ab749a3cd5f4",
    "https://jspm.dev/npm:url-parse@1!cjs": "ed9fc0572751ff6e78aecafc721532fc9381bf09fe43bbb14633f26bedab4d10",
    "https://jspm.dev/npm:url-parse@1.5.10!cjs": "615c89b9d27d5e8aa22ba75ef323eecdbfd0f0c4478f08ea76f12d8ce3fcd59e",
    "https://jspm.dev/npm:w3c-xmlserializer@4!cjs": "3e188d41df1df227cbf904d88f342964ad6a566723e5c221dcd3be497af48c98",
    "https://jspm.dev/npm:w3c-xmlserializer@4.0.0!cjs": "1d1e1a3c4525a062220299a477509c862081f3f5fcddc468b78841bf27c8bce2",
    "https://jspm.dev/npm:webidl-conversions@7!cjs": "3d9a4e32fb380085a40404c43fed6d3509fff87ce7baab96e5c78a94c237d51d",
    "https://jspm.dev/npm:webidl-conversions@7.0.0!cjs": "5675cf81633e0caaebbc2c487516f7af1bc96706041fbdbb4673e5c513e5b2ab",
    "https://jspm.dev/npm:whatwg-encoding@2!cjs": "833657641e7954878e9e91b0e0ec4d5d1002b2253e413deef46f8b7d159641fe",
    "https://jspm.dev/npm:whatwg-encoding@2.0.0!cjs": "3b016f1be4d9d629c6c3342988a935dc19bf2274c32eb7a8dae39e8dd108d1b0",
    "https://jspm.dev/npm:whatwg-mimetype@3!cjs": "54cb4d7da1ca608f3d884c54247e15ac70842e409e47de30c08fd3bcad63a3ba",
    "https://jspm.dev/npm:whatwg-mimetype@3.0.0!cjs": "bab685978eeeb7257a3fdef1035929a8a9bcb119200e76f2e7438789ccada8d4",
    "https://jspm.dev/npm:whatwg-url@12!cjs": "5f96537ca4aa5588470f84ddc5afd80829180a9fee75544ff94d2f484a12544c",
    "https://jspm.dev/npm:whatwg-url@12.0.1!cjs": "7a075ed9956afbdc5f21dc1e66a0331d43fd0fae2f091a9423d839ed1b8b2907",
    "https://jspm.dev/npm:whatwg-url@12.0.1/_/9a4891d2.js": "42ea75ed37cb4036b17049b699633c2684f9bc3b374ca0e29e13e3c85afc9841",
    "https://jspm.dev/npm:whatwg-url@12.0.1/_/c42384a3.js": "d21291e8c3ca56047faccbd837a94407d7eb82a65178b8f490c999049d427262",
    "https://jspm.dev/npm:whatwg-url@12.0.1/lib/URL!cjs": "c6d8cdff559f24f53574316cf1ae0b8af75b7ffff0a53497d20d12b4df27d4ad",
    "https://jspm.dev/npm:whatwg-url@12.0.1/lib/URL-impl!cjs": "9661508fac043e43f070bf212517ab1bf3893168d03e0b2c8ee75b64247f1399",
    "https://jspm.dev/npm:whatwg-url@12.0.1/lib/URLSearchParams-impl!cjs": "21fa0ebc6e94e38638447b784e728be70b11442914132a50df255dc7ff3b2732",
    "https://jspm.dev/npm:whatwg-url@12.0.1/lib/infra!cjs": "d5759f78f26d830fbae06a5df287eb69cd33af5d0027167392057e2ca5d96891",
    "https://jspm.dev/npm:whatwg-url@12.0.1/lib/url-state-machine!cjs": "5b273625dee4aa733d6b962ce4edd7e711cb5355748cacb4a695b0c75f30c8f1",
    "https://jspm.dev/npm:whatwg-url@12.0.1/lib/urlencoded!cjs": "06e675a6029b343c547a6a5f7f04e39b8651db19ef1071a36db801f53898e259",
    "https://jspm.dev/npm:whatwg-url@12.0.1/webidl2js-wrapper!cjs": "a9428993e568da68ad5e2e17d218a0845128af98f6603acc5576cd1a14968424",
    "https://jspm.dev/npm:whatwg-url@12/webidl2js-wrapper!cjs": "e3f7bb51d5a29c9580dfec7cde51b3a5c90c6a4281657eab95f0e03869b90a7d",
    "https://jspm.dev/npm:ws@8!cjs": "1a798e634b792a1c34d20c8fa730e1214b5063e42f7638799483f3ae9706727b",
    "https://jspm.dev/npm:ws@8.14.2!cjs": "6656804befde6ff07b73613fa116951675851c66fc9cb2dfc1ce94eb4e9242b5",
    "https://jspm.dev/npm:xml-name-validator@4!cjs": "408c0b9f024c153b09d98e12bd6fe6dd5e2f93acee97fcde470c9d3ebe9b6154",
    "https://jspm.dev/npm:xml-name-validator@4.0.0!cjs": "a886fc636368aeeb449ef8002e654075ea37d39db34418c4e6fbbf61704e47b7",
    "https://jspm.dev/npm:xmlchars@2.2.0/xml/1.0/ed5!cjs": "2939e1d0b2b861b01043c9f2ca2dcc9a25642a35253857f992753ffea72fb1cc",
    "https://jspm.dev/npm:xmlchars@2.2.0/xml/1.1/ed2!cjs": "9781282c10f12f5e268c94d978353e7742b1de38cda6349599999995d582321f",
    "https://jspm.dev/npm:xmlchars@2.2.0/xmlns/1.0/ed3!cjs": "57d94eaf1d473802daa41c7eceb115da506cf4dd36e49305e86c7d7c6d6ab5fa",
    "https://jspm.dev/npm:xmlchars@2/xml/1.0/ed5!cjs": "3e9d045119540d5dfbf68f15a56708eef08be6b14eb61106e6c9f124a185ac41",
    "https://jspm.dev/npm:xmlchars@2/xml/1.1/ed2!cjs": "c25e5497b22b52a2b758aa8278619a9b45e85b683cf1db16e05313ed7996742c",
    "https://jspm.dev/npm:xmlchars@2/xmlns/1.0/ed3!cjs": "147804f6532d8a3a314c661775973620158bddc1c92fd99374760942a196c21c"
  }
}
